
Microsoft Visual Studio Solution File, Format Version 12.00
# Visual Studio 14
VisualStudioVersion = 14.0.25420.1
MinimumVisualStudioVersion = 10.0.40219.1
Project("{FAE04EC0-301F-11D3-BF4B-00C04F79EFBC}") = "1.BasicSyntaxEx01DebitCardNumber", "BasicSyntaxEx01DebitCardNumber\1.BasicSyntaxEx01DebitCardNumber.csproj", "{1D83F721-19FA-498B-A207-C7F8E59CBEDE}"
EndProject
Project("{FAE04EC0-301F-11D3-BF4B-00C04F79EFBC}") = "1.BasicSyntaxEx02RectangeArea", "BasicSyntaxEx02RectangeArea\1.BasicSyntaxEx02RectangeArea.csproj", "{7CCD6DCD-4308-4517-83C4-2FAEDE4FE65F}"
EndProject
Project("{FAE04EC0-301F-11D3-BF4B-00C04F79EFBC}") = "1.BasicSyntaxEx03MilesToKm", "1.BasicSyntaxEx03MilesToKm\1.BasicSyntaxEx03MilesToKm.csproj", "{A44A1945-3ABA-431B-874D-0A7352614FBE}"
EndProject
Project("{FAE04EC0-301F-11D3-BF4B-00C04F79EFBC}") = "1.BasicSyntaxEx04BevarageLabels", "1.BasicSyntaxEx04BevarageLabels\1.BasicSyntaxEx04BevarageLabels.csproj", "{E066F953-F1D8-489B-A5D6-CA88DB7206CB}"
EndProject
Project("{FAE04EC0-301F-11D3-BF4B-00C04F79EFBC}") = "1.BasicSyntaxEx05CharacterStats", "1.BasicSyntaxEx05CharacterStats\1.BasicSyntaxEx05CharacterStats.csproj", "{DF77DC48-1908-4D39-8244-13851CDE51BF}"
EndProject
Project("{FAE04EC0-301F-11D3-BF4B-00C04F79EFBC}") = "2.ConditionStatmentEx01Passed", "02.ConditionStatmentEx01Passed\2.ConditionStatmentEx01Passed.csproj", "{89EE017D-6B2E-4CE9-83CD-0E4E410D1D5F}"
EndProject
Project("{FAE04EC0-301F-11D3-BF4B-00C04F79EFBC}") = "2.ConditionStatmentEx02PassOrFail", "2.ConditionStatmentEx02PassOrFail\2.ConditionStatmentEx02PassOrFail.csproj", "{B2A401F9-EC85-4FD2-84E5-33DB43B642D4}"
EndProject
Project("{FAE04EC0-301F-11D3-BF4B-00C04F79EFBC}") = "2.ConditionStatmentEx03BackIn30Min", "2.ConditionStatmentEx03BackIn30Min\2.ConditionStatmentEx03BackIn30Min.csproj", "{E2A18BFB-642E-41E6-85AE-D8007A6DDF45}"
EndProject
Project("{FAE04EC0-301F-11D3-BF4B-00C04F79EFBC}") = "2.ConditionStatmentEx04MonthPrinter", "2.ConditionStatmentEx04MonthPrinter\2.ConditionStatmentEx04MonthPrinter.csproj", "{B7C2FFD1-CE44-467A-AF0A-4FA6AE2138DD}"
EndProject
Project("{FAE04EC0-301F-11D3-BF4B-00C04F79EFBC}") = "2.ConditionStatmentEx05ForeignLang", "2.ConditionStatmentEx05ForeignLang\2.ConditionStatmentEx05ForeignLang.csproj", "{26240929-EDBE-4406-95E4-56CE9AD793EE}"
EndProject
Project("{FAE04EC0-301F-11D3-BF4B-00C04F79EFBC}") = "2.ConditionStatmentEx06TheatrePromo", "2.ConditionStatmentEx06TheatrePromo\2.ConditionStatmentEx06TheatrePromo.csproj", "{FC0B1589-DAAE-411D-ABC9-BE843161728D}"
EndProject
Project("{FAE04EC0-301F-11D3-BF4B-00C04F79EFBC}") = "2.ConditionStatmentEx07DevisibleBy3", "2.ConditionStatmentEx07DevisibleBy3\2.ConditionStatmentEx07DevisibleBy3.csproj", "{4EB8DAC8-5D54-4E3D-AA7F-7698C15A0417}"
EndProject
Project("{FAE04EC0-301F-11D3-BF4B-00C04F79EFBC}") = "2.ConditionStatmentEx08SumOfOffNums", "2.ConditionStatmentEx08SumOfOffNums\2.ConditionStatmentEx08SumOfOffNums.csproj", "{AF149D20-8C03-4D6F-9705-E88E83338B03}"
EndProject
Project("{FAE04EC0-301F-11D3-BF4B-00C04F79EFBC}") = "2.ConditionStatmentEx09MultiplicTable", "2.ConditionStatmentEx09MultiplicTable\2.ConditionStatmentEx09MultiplicTable.csproj", "{FB929EAA-9732-4F2A-A120-DEB83A8D16F1}"
EndProject
Project("{FAE04EC0-301F-11D3-BF4B-00C04F79EFBC}") = "2.ConditionStatmentEx10MultiTable2", "2.ConditionStatmentEx10MultiTable2\2.ConditionStatmentEx10MultiTable2.csproj", "{5B797AC6-9C91-43E0-94BF-FB1B352CB0BE}"
EndProject
Project("{FAE04EC0-301F-11D3-BF4B-00C04F79EFBC}") = "2.ConditionStatmentEx11OddNumber", "2.ConditionStatmentEx11OddNumber\2.ConditionStatmentEx11OddNumber.csproj", "{E5506375-61A9-43FF-BDB7-D75CB5F1653D}"
EndProject
Project("{FAE04EC0-301F-11D3-BF4B-00C04F79EFBC}") = "2.ConditionStatmentEx12NumberChecker", "2.ConditionStatmentEx12NumberChecker\2.ConditionStatmentEx12NumberChecker.csproj", "{8B26B551-BE00-43D2-98D6-38630969796E}"
EndProject
Project("{FAE04EC0-301F-11D3-BF4B-00C04F79EFBC}") = "3.CondStateLoopsEx01ChooseDrink", "3.CondStateLoopsEx01ChooseDrink\3.CondStateLoopsEx01ChooseDrink.csproj", "{75032979-0FBA-460C-BDB4-7AD5223E8FE9}"
EndProject
Project("{FAE04EC0-301F-11D3-BF4B-00C04F79EFBC}") = "3.CondStateLoopsEx02ChooseDrink2", "3.CondStateLoopsEx02ChooseDrink2\3.CondStateLoopsEx02ChooseDrink2.csproj", "{015262B2-4912-44F7-AED3-E43581E8AB89}"
EndProject
Project("{FAE04EC0-301F-11D3-BF4B-00C04F79EFBC}") = "3.CondStateLoopsEx03RestourantDiscoun", "3.CondStateLoopsEx03RestourantDiscoun\3.CondStateLoopsEx03RestourantDiscoun.csproj", "{126F1DFB-141E-4E05-B0AE-FD469FAFB060}"
EndProject
Project("{FAE04EC0-301F-11D3-BF4B-00C04F79EFBC}") = "3.CondStateLoopsEx04Hotel", "3.CondStateLoopsEx04Hotel\3.CondStateLoopsEx04Hotel.csproj", "{82C94E7C-16C3-4782-914B-F12B3D5D88B7}"
EndProject
Project("{FAE04EC0-301F-11D3-BF4B-00C04F79EFBC}") = "3.CondStateLoopsEx05WordInPlural", "3.CondStateLoopsEx05WordInPlural\3.CondStateLoopsEx05WordInPlural.csproj", "{5A329F91-46E1-4375-AA0C-5B6647C825B6}"
EndProject
Project("{FAE04EC0-301F-11D3-BF4B-00C04F79EFBC}") = "3.CondStateLoopsEx06IntercalOfNumbers", "3.CondStateLoopsEx06IntercalOfNumbers\3.CondStateLoopsEx06IntercalOfNumbers.csproj", "{285DB111-8652-4CD6-9412-06CB856C0C51}"
EndProject
Project("{FAE04EC0-301F-11D3-BF4B-00C04F79EFBC}") = "3.CondStateLoopsEx07CakeIngredients", "3.CondStateLoopsEx07CakeIngredients\3.CondStateLoopsEx07CakeIngredients.csproj", "{AA58AEFE-33F8-4EA1-9AE7-EE485807BE92}"
EndProject
Project("{FAE04EC0-301F-11D3-BF4B-00C04F79EFBC}") = "3.CondStateLoopsEx08CaloriesCounter", "3.CondStateLoopsEx08CaloriesCounter\3.CondStateLoopsEx08CaloriesCounter.csproj", "{3B63C3A0-A20D-4CDF-B17A-3194A2913A17}"
EndProject
Project("{FAE04EC0-301F-11D3-BF4B-00C04F79EFBC}") = "3.CondStateLoopsEx09CountTheIntegers", "3.CondStateLoopsEx09CountTheIntegers\3.CondStateLoopsEx09CountTheIntegers.csproj", "{C3EA309E-13D2-4D54-8D58-DBC1F6AF9936}"
EndProject
Project("{FAE04EC0-301F-11D3-BF4B-00C04F79EFBC}") = "3.CondStateLoopsEx10TriangleOfNumbers", "3.CondStateLoopsEx10TriangleOfNumbers\3.CondStateLoopsEx10TriangleOfNumbers.csproj", "{41DD0D29-AA24-417B-8F65-19441C4F84C4}"
EndProject
Project("{FAE04EC0-301F-11D3-BF4B-00C04F79EFBC}") = "4.SyntaxMoreEx01X", "4SyntaxMoreEx01X\4.SyntaxMoreEx01X.csproj", "{6C7B9386-B435-480B-B11E-AFCE6D38AE17}"
EndProject
Project("{FAE04EC0-301F-11D3-BF4B-00C04F79EFBC}") = "4.SyntaxMoreEx02VaporStore", "4.SyntaxMoreEx02VaporStore\4.SyntaxMoreEx02VaporStore.csproj", "{37735EBF-D6E5-4D26-8D95-5550D29AE9AD}"
EndProject
Project("{FAE04EC0-301F-11D3-BF4B-00C04F79EFBC}") = "4.SyntaxMoreEx03Megapixels", "4.SyntaxMoreEx03Megapixels\4.SyntaxMoreEx03Megapixels.csproj", "{EA00378A-715B-421F-987B-F43136D7740A}"
EndProject
Project("{FAE04EC0-301F-11D3-BF4B-00C04F79EFBC}") = "4.SyntaxMoreEx04PhotoGallery", "4.SyntaxMoreEx04PhotoGallery\4.SyntaxMoreEx04PhotoGallery.csproj", "{CF56254D-60BA-45EE-990C-D6720BCE6276}"
EndProject
Project("{FAE04EC0-301F-11D3-BF4B-00C04F79EFBC}") = "4.SyntaxMoreEx05BMPcounter", "4.SyntaxMoreEx05BMPcounter\4.SyntaxMoreEx05BMPcounter.csproj", "{3C53921C-0E37-46E5-82C1-FB1E25BEDC1F}"
EndProject
Project("{FAE04EC0-301F-11D3-BF4B-00C04F79EFBC}") = "8.DataTypesEx01TimesSinceBirthday", "8.DataTypesEx01TimesSinceBirthday\8.DataTypesEx01TimesSinceBirthday.csproj", "{081FC29E-AA8F-4D43-9754-A8BDCB99765B}"
EndProject
Project("{FAE04EC0-301F-11D3-BF4B-00C04F79EFBC}") = "8.DataTypesEx04Transport", "8.DataTypesEx04Transport\8.DataTypesEx04Transport.csproj", "{01B8EC95-D67C-4846-955B-652D504C3731}"
EndProject
Project("{FAE04EC0-301F-11D3-BF4B-00C04F79EFBC}") = "8.DataTypesEx05SpecialNumbers", "8.DataTypesEx05SpecialNumbers\8.DataTypesEx05SpecialNumbers.csproj", "{43AFA182-A6B5-4E37-B5E4-8D9B819772E9}"
EndProject
Project("{FAE04EC0-301F-11D3-BF4B-00C04F79EFBC}") = "8.DataTypesEx07Greetings", "8.DataTypesEx07Greetings\8.DataTypesEx07Greetings.csproj", "{DDB43A21-5756-45E5-9818-97765DC0A2F2}"
EndProject
Project("{FAE04EC0-301F-11D3-BF4B-00C04F79EFBC}") = "8.DataTypesEx08RefracorPyramid", "8.DataTypesEx08RefracorPyramid\8.DataTypesEx08RefracorPyramid.csproj", "{E609F27B-2D2B-4DF7-8FA4-BAE84C5084BA}"
EndProject
Project("{FAE04EC0-301F-11D3-BF4B-00C04F79EFBC}") = "9.DataTypesEx01IntNumbers", "9.DataTypesEx01IntNumbers\9.DataTypesEx01IntNumbers.csproj", "{7043917D-090F-4D0B-8DAD-7EF88AFEF62C}"
EndProject
Project("{FAE04EC0-301F-11D3-BF4B-00C04F79EFBC}") = "9.DataTypesEx02FloatinPointNum", "9.DataTypesEx02FloatinPointNum\9.DataTypesEx02FloatinPointNum.csproj", "{84221E90-082E-4B8F-A10E-C8D2C0D1DC27}"
EndProject
Project("{FAE04EC0-301F-11D3-BF4B-00C04F79EFBC}") = "9.DataTypesEx03ExchangeValues", "9.DataTypesEx03ExchangeValues\9.DataTypesEx03ExchangeValues.csproj", "{AEFF8E3E-3297-4019-8D36-BC34AD05B0C6}"
EndProject
Project("{FAE04EC0-301F-11D3-BF4B-00C04F79EFBC}") = "9.DataTypesEx04FloarOrInt", "9.DataTypesEx04FloarOrInt\9.DataTypesEx04FloarOrInt.csproj", "{3F28C95A-4A9E-4897-88F2-F893B31DDEA9}"
EndProject
Project("{FAE04EC0-301F-11D3-BF4B-00C04F79EFBC}") = "9.DataTypesEx05DistanceOfStarts", "9.DataTypesEx05DistanceOfStarts\9.DataTypesEx05DistanceOfStarts.csproj", "{30BE3A22-6A8E-4E01-AB21-EE0197ED18BB}"
EndProject
Project("{FAE04EC0-301F-11D3-BF4B-00C04F79EFBC}") = "9.DataTypesEx06IncrementVariable", "9.DataTypesEx06IncrementVariable\9.DataTypesEx06IncrementVariable.csproj", "{064EE1AF-C368-4569-95E6-8B8C7BD15F10}"
EndProject
Project("{FAE04EC0-301F-11D3-BF4B-00C04F79EFBC}") = "9.DataTypesEx16TrickyString", "9.DataTypesEx07TerabytesToBits\9.DataTypesEx16TrickyString.csproj", "{D819A8D0-EB1F-469D-89D2-4A3A33A0F841}"
EndProject
Project("{FAE04EC0-301F-11D3-BF4B-00C04F79EFBC}") = "9.DataTypesEx15Calculator", "9.DataTypesEx15Calculator\9.DataTypesEx15Calculator.csproj", "{DB6D1713-8599-46DE-A267-38A4080496ED}"
EndProject
Project("{FAE04EC0-301F-11D3-BF4B-00C04F79EFBC}") = "9.DataTypesEx14ASCIIstring", "9.DataTypesEx14ASCIIstring\9.DataTypesEx14ASCIIstring.csproj", "{DFDD184C-F140-4244-82D6-838ED40C1820}"
EndProject
Project("{FAE04EC0-301F-11D3-BF4B-00C04F79EFBC}") = "10.MethodsAndDebuingExClassWork", "10.MethodsAndDebuingExClassWork\10.MethodsAndDebuingExClassWork.csproj", "{B2BE4C29-2D0A-4713-BC73-48E4A4973A9A}"
EndProject
Project("{FAE04EC0-301F-11D3-BF4B-00C04F79EFBC}") = "11.ArraysEx01SumArrayElements", "11.ArraysEx01SumArrayElements\11.ArraysEx01SumArrayElements.csproj", "{4BD34E6F-B14A-403E-B382-0763ECF734B1}"
EndProject
Project("{FAE04EC0-301F-11D3-BF4B-00C04F79EFBC}") = "11.ArraysEx02MultiplyDoubleArraysEl", "11.ArraysEx02MultiplyDoubleArraysEl\11.ArraysEx02MultiplyDoubleArraysEl.csproj", "{6E04F03D-9217-4557-9D5F-5EE2E347FEB8}"
EndProject
Project("{FAE04EC0-301F-11D3-BF4B-00C04F79EFBC}") = "11.ArraysEx03SmallestElementInArray", "11.ArraysEx03SmallestElementInArray\11.ArraysEx03SmallestElementInArray.csproj", "{C1CCEA4E-B8CA-4E3B-9AB5-2277F5FBF479}"
EndProject
Project("{FAE04EC0-301F-11D3-BF4B-00C04F79EFBC}") = "11.ArraysEx04RotateArrayOfStrings", "11.ArraysEx04RotateArrayOfStrings\11.ArraysEx04RotateArrayOfStrings.csproj", "{3997189D-E8C3-473D-A1E8-0F49EAF51C34}"
EndProject
Project("{FAE04EC0-301F-11D3-BF4B-00C04F79EFBC}") = "11.ArraysEx05CountOddNumInArray", "11.ArraysEx05CountOddNumInArray\11.ArraysEx05CountOddNumInArray.csproj", "{C9032283-9416-466F-8A13-C8382FE32DDC}"
EndProject
Project("{FAE04EC0-301F-11D3-BF4B-00C04F79EFBC}") = "11.ArraysEx06OddNumAtOddPossition", "11.ArraysEx06OddNumAtOddPossition\11.ArraysEx06OddNumAtOddPossition.csproj", "{EBBC7CF3-9BE7-4C36-A1CF-BAF34914FC52}"
EndProject
Project("{FAE04EC0-301F-11D3-BF4B-00C04F79EFBC}") = "12ArraysEx01HelloName", "12ArraysEx01HelloName\12ArraysEx01HelloName.csproj", "{5C66AD82-5327-428D-A4C5-93179FF92596}"
EndProject
Project("{FAE04EC0-301F-11D3-BF4B-00C04F79EFBC}") = "12ArraysEx02MinMethod", "12ArraysEx02MinMethod\12ArraysEx02MinMethod.csproj", "{789FE8A2-15E9-4CC7-934F-FC925D70BEDC}"
EndProject
Project("{FAE04EC0-301F-11D3-BF4B-00C04F79EFBC}") = "12ArraysEx03RepeatedString", "12ArraysEx03RepeatedString\12ArraysEx03RepeatedString.csproj", "{B1A1DB51-513F-42BD-ACD8-FAA7BA8F2E22}"
EndProject
Project("{FAE04EC0-301F-11D3-BF4B-00C04F79EFBC}") = "12ArraysEx04NthDigit", "12ArraysEx04NthDigit\12ArraysEx04NthDigit.csproj", "{8F22DC6A-A1CC-44BA-B30A-3CD772F2A9DD}"
EndProject
Project("{FAE04EC0-301F-11D3-BF4B-00C04F79EFBC}") = "12ArraysEx09LargestElementInArray", "12ArraysEx09LargestElementInArray\12ArraysEx09LargestElementInArray.csproj", "{C64CD93B-A57D-4987-B59B-F071DECFAA25}"
EndProject
Project("{FAE04EC0-301F-11D3-BF4B-00C04F79EFBC}") = "12ArraysEx10CountNegativeNumbers", "12ArraysEx10CountNegativeNumbers\12ArraysEx10CountNegativeNumbers.csproj", "{7BD457A6-8E34-4FFB-81D8-5AB36ADCF064}"
EndProject
Project("{FAE04EC0-301F-11D3-BF4B-00C04F79EFBC}") = "12ArraysEx11CountGivenElement", "12ArraysEx11CountGivenElement\12ArraysEx11CountGivenElement.csproj", "{F2670252-0F7C-4815-8945-B50C33AA106D}"
EndProject
Global
	GlobalSection(SolutionConfigurationPlatforms) = preSolution
		Debug|Any CPU = Debug|Any CPU
		Release|Any CPU = Release|Any CPU
	EndGlobalSection
	GlobalSection(ProjectConfigurationPlatforms) = postSolution
		{1D83F721-19FA-498B-A207-C7F8E59CBEDE}.Debug|Any CPU.ActiveCfg = Debug|Any CPU
		{1D83F721-19FA-498B-A207-C7F8E59CBEDE}.Debug|Any CPU.Build.0 = Debug|Any CPU
		{1D83F721-19FA-498B-A207-C7F8E59CBEDE}.Release|Any CPU.ActiveCfg = Release|Any CPU
		{1D83F721-19FA-498B-A207-C7F8E59CBEDE}.Release|Any CPU.Build.0 = Release|Any CPU
		{7CCD6DCD-4308-4517-83C4-2FAEDE4FE65F}.Debug|Any CPU.ActiveCfg = Debug|Any CPU
		{7CCD6DCD-4308-4517-83C4-2FAEDE4FE65F}.Debug|Any CPU.Build.0 = Debug|Any CPU
		{7CCD6DCD-4308-4517-83C4-2FAEDE4FE65F}.Release|Any CPU.ActiveCfg = Release|Any CPU
		{7CCD6DCD-4308-4517-83C4-2FAEDE4FE65F}.Release|Any CPU.Build.0 = Release|Any CPU
		{A44A1945-3ABA-431B-874D-0A7352614FBE}.Debug|Any CPU.ActiveCfg = Debug|Any CPU
		{A44A1945-3ABA-431B-874D-0A7352614FBE}.Debug|Any CPU.Build.0 = Debug|Any CPU
		{A44A1945-3ABA-431B-874D-0A7352614FBE}.Release|Any CPU.ActiveCfg = Release|Any CPU
		{A44A1945-3ABA-431B-874D-0A7352614FBE}.Release|Any CPU.Build.0 = Release|Any CPU
		{E066F953-F1D8-489B-A5D6-CA88DB7206CB}.Debug|Any CPU.ActiveCfg = Debug|Any CPU
		{E066F953-F1D8-489B-A5D6-CA88DB7206CB}.Debug|Any CPU.Build.0 = Debug|Any CPU
		{E066F953-F1D8-489B-A5D6-CA88DB7206CB}.Release|Any CPU.ActiveCfg = Release|Any CPU
		{E066F953-F1D8-489B-A5D6-CA88DB7206CB}.Release|Any CPU.Build.0 = Release|Any CPU
		{DF77DC48-1908-4D39-8244-13851CDE51BF}.Debug|Any CPU.ActiveCfg = Debug|Any CPU
		{DF77DC48-1908-4D39-8244-13851CDE51BF}.Debug|Any CPU.Build.0 = Debug|Any CPU
		{DF77DC48-1908-4D39-8244-13851CDE51BF}.Release|Any CPU.ActiveCfg = Release|Any CPU
		{DF77DC48-1908-4D39-8244-13851CDE51BF}.Release|Any CPU.Build.0 = Release|Any CPU
		{89EE017D-6B2E-4CE9-83CD-0E4E410D1D5F}.Debug|Any CPU.ActiveCfg = Debug|Any CPU
		{89EE017D-6B2E-4CE9-83CD-0E4E410D1D5F}.Debug|Any CPU.Build.0 = Debug|Any CPU
		{89EE017D-6B2E-4CE9-83CD-0E4E410D1D5F}.Release|Any CPU.ActiveCfg = Release|Any CPU
		{89EE017D-6B2E-4CE9-83CD-0E4E410D1D5F}.Release|Any CPU.Build.0 = Release|Any CPU
		{B2A401F9-EC85-4FD2-84E5-33DB43B642D4}.Debug|Any CPU.ActiveCfg = Debug|Any CPU
		{B2A401F9-EC85-4FD2-84E5-33DB43B642D4}.Debug|Any CPU.Build.0 = Debug|Any CPU
		{B2A401F9-EC85-4FD2-84E5-33DB43B642D4}.Release|Any CPU.ActiveCfg = Release|Any CPU
		{B2A401F9-EC85-4FD2-84E5-33DB43B642D4}.Release|Any CPU.Build.0 = Release|Any CPU
		{E2A18BFB-642E-41E6-85AE-D8007A6DDF45}.Debug|Any CPU.ActiveCfg = Debug|Any CPU
		{E2A18BFB-642E-41E6-85AE-D8007A6DDF45}.Debug|Any CPU.Build.0 = Debug|Any CPU
		{E2A18BFB-642E-41E6-85AE-D8007A6DDF45}.Release|Any CPU.ActiveCfg = Release|Any CPU
		{E2A18BFB-642E-41E6-85AE-D8007A6DDF45}.Release|Any CPU.Build.0 = Release|Any CPU
		{B7C2FFD1-CE44-467A-AF0A-4FA6AE2138DD}.Debug|Any CPU.ActiveCfg = Debug|Any CPU
		{B7C2FFD1-CE44-467A-AF0A-4FA6AE2138DD}.Debug|Any CPU.Build.0 = Debug|Any CPU
		{B7C2FFD1-CE44-467A-AF0A-4FA6AE2138DD}.Release|Any CPU.ActiveCfg = Release|Any CPU
		{B7C2FFD1-CE44-467A-AF0A-4FA6AE2138DD}.Release|Any CPU.Build.0 = Release|Any CPU
		{26240929-EDBE-4406-95E4-56CE9AD793EE}.Debug|Any CPU.ActiveCfg = Debug|Any CPU
		{26240929-EDBE-4406-95E4-56CE9AD793EE}.Debug|Any CPU.Build.0 = Debug|Any CPU
		{26240929-EDBE-4406-95E4-56CE9AD793EE}.Release|Any CPU.ActiveCfg = Release|Any CPU
		{26240929-EDBE-4406-95E4-56CE9AD793EE}.Release|Any CPU.Build.0 = Release|Any CPU
		{FC0B1589-DAAE-411D-ABC9-BE843161728D}.Debug|Any CPU.ActiveCfg = Debug|Any CPU
		{FC0B1589-DAAE-411D-ABC9-BE843161728D}.Debug|Any CPU.Build.0 = Debug|Any CPU
		{FC0B1589-DAAE-411D-ABC9-BE843161728D}.Release|Any CPU.ActiveCfg = Release|Any CPU
		{FC0B1589-DAAE-411D-ABC9-BE843161728D}.Release|Any CPU.Build.0 = Release|Any CPU
		{4EB8DAC8-5D54-4E3D-AA7F-7698C15A0417}.Debug|Any CPU.ActiveCfg = Debug|Any CPU
		{4EB8DAC8-5D54-4E3D-AA7F-7698C15A0417}.Debug|Any CPU.Build.0 = Debug|Any CPU
		{4EB8DAC8-5D54-4E3D-AA7F-7698C15A0417}.Release|Any CPU.ActiveCfg = Release|Any CPU
		{4EB8DAC8-5D54-4E3D-AA7F-7698C15A0417}.Release|Any CPU.Build.0 = Release|Any CPU
		{AF149D20-8C03-4D6F-9705-E88E83338B03}.Debug|Any CPU.ActiveCfg = Debug|Any CPU
		{AF149D20-8C03-4D6F-9705-E88E83338B03}.Debug|Any CPU.Build.0 = Debug|Any CPU
		{AF149D20-8C03-4D6F-9705-E88E83338B03}.Release|Any CPU.ActiveCfg = Release|Any CPU
		{AF149D20-8C03-4D6F-9705-E88E83338B03}.Release|Any CPU.Build.0 = Release|Any CPU
		{FB929EAA-9732-4F2A-A120-DEB83A8D16F1}.Debug|Any CPU.ActiveCfg = Debug|Any CPU
		{FB929EAA-9732-4F2A-A120-DEB83A8D16F1}.Debug|Any CPU.Build.0 = Debug|Any CPU
		{FB929EAA-9732-4F2A-A120-DEB83A8D16F1}.Release|Any CPU.ActiveCfg = Release|Any CPU
		{FB929EAA-9732-4F2A-A120-DEB83A8D16F1}.Release|Any CPU.Build.0 = Release|Any CPU
		{5B797AC6-9C91-43E0-94BF-FB1B352CB0BE}.Debug|Any CPU.ActiveCfg = Debug|Any CPU
		{5B797AC6-9C91-43E0-94BF-FB1B352CB0BE}.Debug|Any CPU.Build.0 = Debug|Any CPU
		{5B797AC6-9C91-43E0-94BF-FB1B352CB0BE}.Release|Any CPU.ActiveCfg = Release|Any CPU
		{5B797AC6-9C91-43E0-94BF-FB1B352CB0BE}.Release|Any CPU.Build.0 = Release|Any CPU
		{E5506375-61A9-43FF-BDB7-D75CB5F1653D}.Debug|Any CPU.ActiveCfg = Debug|Any CPU
		{E5506375-61A9-43FF-BDB7-D75CB5F1653D}.Debug|Any CPU.Build.0 = Debug|Any CPU
		{E5506375-61A9-43FF-BDB7-D75CB5F1653D}.Release|Any CPU.ActiveCfg = Release|Any CPU
		{E5506375-61A9-43FF-BDB7-D75CB5F1653D}.Release|Any CPU.Build.0 = Release|Any CPU
		{8B26B551-BE00-43D2-98D6-38630969796E}.Debug|Any CPU.ActiveCfg = Debug|Any CPU
		{8B26B551-BE00-43D2-98D6-38630969796E}.Debug|Any CPU.Build.0 = Debug|Any CPU
		{8B26B551-BE00-43D2-98D6-38630969796E}.Release|Any CPU.ActiveCfg = Release|Any CPU
		{8B26B551-BE00-43D2-98D6-38630969796E}.Release|Any CPU.Build.0 = Release|Any CPU
		{75032979-0FBA-460C-BDB4-7AD5223E8FE9}.Debug|Any CPU.ActiveCfg = Debug|Any CPU
		{75032979-0FBA-460C-BDB4-7AD5223E8FE9}.Debug|Any CPU.Build.0 = Debug|Any CPU
		{75032979-0FBA-460C-BDB4-7AD5223E8FE9}.Release|Any CPU.ActiveCfg = Release|Any CPU
		{75032979-0FBA-460C-BDB4-7AD5223E8FE9}.Release|Any CPU.Build.0 = Release|Any CPU
		{015262B2-4912-44F7-AED3-E43581E8AB89}.Debug|Any CPU.ActiveCfg = Debug|Any CPU
		{015262B2-4912-44F7-AED3-E43581E8AB89}.Debug|Any CPU.Build.0 = Debug|Any CPU
		{015262B2-4912-44F7-AED3-E43581E8AB89}.Release|Any CPU.ActiveCfg = Release|Any CPU
		{015262B2-4912-44F7-AED3-E43581E8AB89}.Release|Any CPU.Build.0 = Release|Any CPU
		{126F1DFB-141E-4E05-B0AE-FD469FAFB060}.Debug|Any CPU.ActiveCfg = Debug|Any CPU
		{126F1DFB-141E-4E05-B0AE-FD469FAFB060}.Debug|Any CPU.Build.0 = Debug|Any CPU
		{126F1DFB-141E-4E05-B0AE-FD469FAFB060}.Release|Any CPU.ActiveCfg = Release|Any CPU
		{126F1DFB-141E-4E05-B0AE-FD469FAFB060}.Release|Any CPU.Build.0 = Release|Any CPU
		{82C94E7C-16C3-4782-914B-F12B3D5D88B7}.Debug|Any CPU.ActiveCfg = Debug|Any CPU
		{82C94E7C-16C3-4782-914B-F12B3D5D88B7}.Debug|Any CPU.Build.0 = Debug|Any CPU
		{82C94E7C-16C3-4782-914B-F12B3D5D88B7}.Release|Any CPU.ActiveCfg = Release|Any CPU
		{82C94E7C-16C3-4782-914B-F12B3D5D88B7}.Release|Any CPU.Build.0 = Release|Any CPU
		{5A329F91-46E1-4375-AA0C-5B6647C825B6}.Debug|Any CPU.ActiveCfg = Debug|Any CPU
		{5A329F91-46E1-4375-AA0C-5B6647C825B6}.Debug|Any CPU.Build.0 = Debug|Any CPU
		{5A329F91-46E1-4375-AA0C-5B6647C825B6}.Release|Any CPU.ActiveCfg = Release|Any CPU
		{5A329F91-46E1-4375-AA0C-5B6647C825B6}.Release|Any CPU.Build.0 = Release|Any CPU
		{285DB111-8652-4CD6-9412-06CB856C0C51}.Debug|Any CPU.ActiveCfg = Debug|Any CPU
		{285DB111-8652-4CD6-9412-06CB856C0C51}.Debug|Any CPU.Build.0 = Debug|Any CPU
		{285DB111-8652-4CD6-9412-06CB856C0C51}.Release|Any CPU.ActiveCfg = Release|Any CPU
		{285DB111-8652-4CD6-9412-06CB856C0C51}.Release|Any CPU.Build.0 = Release|Any CPU
		{AA58AEFE-33F8-4EA1-9AE7-EE485807BE92}.Debug|Any CPU.ActiveCfg = Debug|Any CPU
		{AA58AEFE-33F8-4EA1-9AE7-EE485807BE92}.Debug|Any CPU.Build.0 = Debug|Any CPU
		{AA58AEFE-33F8-4EA1-9AE7-EE485807BE92}.Release|Any CPU.ActiveCfg = Release|Any CPU
		{AA58AEFE-33F8-4EA1-9AE7-EE485807BE92}.Release|Any CPU.Build.0 = Release|Any CPU
		{3B63C3A0-A20D-4CDF-B17A-3194A2913A17}.Debug|Any CPU.ActiveCfg = Debug|Any CPU
		{3B63C3A0-A20D-4CDF-B17A-3194A2913A17}.Debug|Any CPU.Build.0 = Debug|Any CPU
		{3B63C3A0-A20D-4CDF-B17A-3194A2913A17}.Release|Any CPU.ActiveCfg = Release|Any CPU
		{3B63C3A0-A20D-4CDF-B17A-3194A2913A17}.Release|Any CPU.Build.0 = Release|Any CPU
		{C3EA309E-13D2-4D54-8D58-DBC1F6AF9936}.Debug|Any CPU.ActiveCfg = Debug|Any CPU
		{C3EA309E-13D2-4D54-8D58-DBC1F6AF9936}.Debug|Any CPU.Build.0 = Debug|Any CPU
		{C3EA309E-13D2-4D54-8D58-DBC1F6AF9936}.Release|Any CPU.ActiveCfg = Release|Any CPU
		{C3EA309E-13D2-4D54-8D58-DBC1F6AF9936}.Release|Any CPU.Build.0 = Release|Any CPU
		{41DD0D29-AA24-417B-8F65-19441C4F84C4}.Debug|Any CPU.ActiveCfg = Debug|Any CPU
		{41DD0D29-AA24-417B-8F65-19441C4F84C4}.Debug|Any CPU.Build.0 = Debug|Any CPU
		{41DD0D29-AA24-417B-8F65-19441C4F84C4}.Release|Any CPU.ActiveCfg = Release|Any CPU
		{41DD0D29-AA24-417B-8F65-19441C4F84C4}.Release|Any CPU.Build.0 = Release|Any CPU
		{6C7B9386-B435-480B-B11E-AFCE6D38AE17}.Debug|Any CPU.ActiveCfg = Debug|Any CPU
		{6C7B9386-B435-480B-B11E-AFCE6D38AE17}.Debug|Any CPU.Build.0 = Debug|Any CPU
		{6C7B9386-B435-480B-B11E-AFCE6D38AE17}.Release|Any CPU.ActiveCfg = Release|Any CPU
		{6C7B9386-B435-480B-B11E-AFCE6D38AE17}.Release|Any CPU.Build.0 = Release|Any CPU
		{37735EBF-D6E5-4D26-8D95-5550D29AE9AD}.Debug|Any CPU.ActiveCfg = Debug|Any CPU
		{37735EBF-D6E5-4D26-8D95-5550D29AE9AD}.Debug|Any CPU.Build.0 = Debug|Any CPU
		{37735EBF-D6E5-4D26-8D95-5550D29AE9AD}.Release|Any CPU.ActiveCfg = Release|Any CPU
		{37735EBF-D6E5-4D26-8D95-5550D29AE9AD}.Release|Any CPU.Build.0 = Release|Any CPU
		{EA00378A-715B-421F-987B-F43136D7740A}.Debug|Any CPU.ActiveCfg = Debug|Any CPU
		{EA00378A-715B-421F-987B-F43136D7740A}.Debug|Any CPU.Build.0 = Debug|Any CPU
		{EA00378A-715B-421F-987B-F43136D7740A}.Release|Any CPU.ActiveCfg = Release|Any CPU
		{EA00378A-715B-421F-987B-F43136D7740A}.Release|Any CPU.Build.0 = Release|Any CPU
		{CF56254D-60BA-45EE-990C-D6720BCE6276}.Debug|Any CPU.ActiveCfg = Debug|Any CPU
		{CF56254D-60BA-45EE-990C-D6720BCE6276}.Debug|Any CPU.Build.0 = Debug|Any CPU
		{CF56254D-60BA-45EE-990C-D6720BCE6276}.Release|Any CPU.ActiveCfg = Release|Any CPU
		{CF56254D-60BA-45EE-990C-D6720BCE6276}.Release|Any CPU.Build.0 = Release|Any CPU
		{3C53921C-0E37-46E5-82C1-FB1E25BEDC1F}.Debug|Any CPU.ActiveCfg = Debug|Any CPU
		{3C53921C-0E37-46E5-82C1-FB1E25BEDC1F}.Debug|Any CPU.Build.0 = Debug|Any CPU
		{3C53921C-0E37-46E5-82C1-FB1E25BEDC1F}.Release|Any CPU.ActiveCfg = Release|Any CPU
		{3C53921C-0E37-46E5-82C1-FB1E25BEDC1F}.Release|Any CPU.Build.0 = Release|Any CPU
		{081FC29E-AA8F-4D43-9754-A8BDCB99765B}.Debug|Any CPU.ActiveCfg = Debug|Any CPU
		{081FC29E-AA8F-4D43-9754-A8BDCB99765B}.Debug|Any CPU.Build.0 = Debug|Any CPU
		{081FC29E-AA8F-4D43-9754-A8BDCB99765B}.Release|Any CPU.ActiveCfg = Release|Any CPU
		{081FC29E-AA8F-4D43-9754-A8BDCB99765B}.Release|Any CPU.Build.0 = Release|Any CPU
		{01B8EC95-D67C-4846-955B-652D504C3731}.Debug|Any CPU.ActiveCfg = Debug|Any CPU
		{01B8EC95-D67C-4846-955B-652D504C3731}.Debug|Any CPU.Build.0 = Debug|Any CPU
		{01B8EC95-D67C-4846-955B-652D504C3731}.Release|Any CPU.ActiveCfg = Release|Any CPU
		{01B8EC95-D67C-4846-955B-652D504C3731}.Release|Any CPU.Build.0 = Release|Any CPU
		{43AFA182-A6B5-4E37-B5E4-8D9B819772E9}.Debug|Any CPU.ActiveCfg = Debug|Any CPU
		{43AFA182-A6B5-4E37-B5E4-8D9B819772E9}.Debug|Any CPU.Build.0 = Debug|Any CPU
		{43AFA182-A6B5-4E37-B5E4-8D9B819772E9}.Release|Any CPU.ActiveCfg = Release|Any CPU
		{43AFA182-A6B5-4E37-B5E4-8D9B819772E9}.Release|Any CPU.Build.0 = Release|Any CPU
		{DDB43A21-5756-45E5-9818-97765DC0A2F2}.Debug|Any CPU.ActiveCfg = Debug|Any CPU
		{DDB43A21-5756-45E5-9818-97765DC0A2F2}.Debug|Any CPU.Build.0 = Debug|Any CPU
		{DDB43A21-5756-45E5-9818-97765DC0A2F2}.Release|Any CPU.ActiveCfg = Release|Any CPU
		{DDB43A21-5756-45E5-9818-97765DC0A2F2}.Release|Any CPU.Build.0 = Release|Any CPU
		{E609F27B-2D2B-4DF7-8FA4-BAE84C5084BA}.Debug|Any CPU.ActiveCfg = Debug|Any CPU
		{E609F27B-2D2B-4DF7-8FA4-BAE84C5084BA}.Debug|Any CPU.Build.0 = Debug|Any CPU
		{E609F27B-2D2B-4DF7-8FA4-BAE84C5084BA}.Release|Any CPU.ActiveCfg = Release|Any CPU
		{E609F27B-2D2B-4DF7-8FA4-BAE84C5084BA}.Release|Any CPU.Build.0 = Release|Any CPU
		{7043917D-090F-4D0B-8DAD-7EF88AFEF62C}.Debug|Any CPU.ActiveCfg = Debug|Any CPU
		{7043917D-090F-4D0B-8DAD-7EF88AFEF62C}.Debug|Any CPU.Build.0 = Debug|Any CPU
		{7043917D-090F-4D0B-8DAD-7EF88AFEF62C}.Release|Any CPU.ActiveCfg = Release|Any CPU
		{7043917D-090F-4D0B-8DAD-7EF88AFEF62C}.Release|Any CPU.Build.0 = Release|Any CPU
		{84221E90-082E-4B8F-A10E-C8D2C0D1DC27}.Debug|Any CPU.ActiveCfg = Debug|Any CPU
		{84221E90-082E-4B8F-A10E-C8D2C0D1DC27}.Debug|Any CPU.Build.0 = Debug|Any CPU
		{84221E90-082E-4B8F-A10E-C8D2C0D1DC27}.Release|Any CPU.ActiveCfg = Release|Any CPU
		{84221E90-082E-4B8F-A10E-C8D2C0D1DC27}.Release|Any CPU.Build.0 = Release|Any CPU
		{AEFF8E3E-3297-4019-8D36-BC34AD05B0C6}.Debug|Any CPU.ActiveCfg = Debug|Any CPU
		{AEFF8E3E-3297-4019-8D36-BC34AD05B0C6}.Debug|Any CPU.Build.0 = Debug|Any CPU
		{AEFF8E3E-3297-4019-8D36-BC34AD05B0C6}.Release|Any CPU.ActiveCfg = Release|Any CPU
		{AEFF8E3E-3297-4019-8D36-BC34AD05B0C6}.Release|Any CPU.Build.0 = Release|Any CPU
		{3F28C95A-4A9E-4897-88F2-F893B31DDEA9}.Debug|Any CPU.ActiveCfg = Debug|Any CPU
		{3F28C95A-4A9E-4897-88F2-F893B31DDEA9}.Debug|Any CPU.Build.0 = Debug|Any CPU
		{3F28C95A-4A9E-4897-88F2-F893B31DDEA9}.Release|Any CPU.ActiveCfg = Release|Any CPU
		{3F28C95A-4A9E-4897-88F2-F893B31DDEA9}.Release|Any CPU.Build.0 = Release|Any CPU
		{30BE3A22-6A8E-4E01-AB21-EE0197ED18BB}.Debug|Any CPU.ActiveCfg = Debug|Any CPU
		{30BE3A22-6A8E-4E01-AB21-EE0197ED18BB}.Debug|Any CPU.Build.0 = Debug|Any CPU
		{30BE3A22-6A8E-4E01-AB21-EE0197ED18BB}.Release|Any CPU.ActiveCfg = Release|Any CPU
		{30BE3A22-6A8E-4E01-AB21-EE0197ED18BB}.Release|Any CPU.Build.0 = Release|Any CPU
		{064EE1AF-C368-4569-95E6-8B8C7BD15F10}.Debug|Any CPU.ActiveCfg = Debug|Any CPU
		{064EE1AF-C368-4569-95E6-8B8C7BD15F10}.Debug|Any CPU.Build.0 = Debug|Any CPU
		{064EE1AF-C368-4569-95E6-8B8C7BD15F10}.Release|Any CPU.ActiveCfg = Release|Any CPU
		{064EE1AF-C368-4569-95E6-8B8C7BD15F10}.Release|Any CPU.Build.0 = Release|Any CPU
		{D819A8D0-EB1F-469D-89D2-4A3A33A0F841}.Debug|Any CPU.ActiveCfg = Debug|Any CPU
		{D819A8D0-EB1F-469D-89D2-4A3A33A0F841}.Debug|Any CPU.Build.0 = Debug|Any CPU
		{D819A8D0-EB1F-469D-89D2-4A3A33A0F841}.Release|Any CPU.ActiveCfg = Release|Any CPU
		{D819A8D0-EB1F-469D-89D2-4A3A33A0F841}.Release|Any CPU.Build.0 = Release|Any CPU
		{DB6D1713-8599-46DE-A267-38A4080496ED}.Debug|Any CPU.ActiveCfg = Debug|Any CPU
		{DB6D1713-8599-46DE-A267-38A4080496ED}.Debug|Any CPU.Build.0 = Debug|Any CPU
		{DB6D1713-8599-46DE-A267-38A4080496ED}.Release|Any CPU.ActiveCfg = Release|Any CPU
		{DB6D1713-8599-46DE-A267-38A4080496ED}.Release|Any CPU.Build.0 = Release|Any CPU
		{DFDD184C-F140-4244-82D6-838ED40C1820}.Debug|Any CPU.ActiveCfg = Debug|Any CPU
		{DFDD184C-F140-4244-82D6-838ED40C1820}.Debug|Any CPU.Build.0 = Debug|Any CPU
		{DFDD184C-F140-4244-82D6-838ED40C1820}.Release|Any CPU.ActiveCfg = Release|Any CPU
		{DFDD184C-F140-4244-82D6-838ED40C1820}.Release|Any CPU.Build.0 = Release|Any CPU
		{B2BE4C29-2D0A-4713-BC73-48E4A4973A9A}.Debug|Any CPU.ActiveCfg = Debug|Any CPU
		{B2BE4C29-2D0A-4713-BC73-48E4A4973A9A}.Debug|Any CPU.Build.0 = Debug|Any CPU
		{B2BE4C29-2D0A-4713-BC73-48E4A4973A9A}.Release|Any CPU.ActiveCfg = Release|Any CPU
		{B2BE4C29-2D0A-4713-BC73-48E4A4973A9A}.Release|Any CPU.Build.0 = Release|Any CPU
		{4BD34E6F-B14A-403E-B382-0763ECF734B1}.Debug|Any CPU.ActiveCfg = Debug|Any CPU
		{4BD34E6F-B14A-403E-B382-0763ECF734B1}.Debug|Any CPU.Build.0 = Debug|Any CPU
		{4BD34E6F-B14A-403E-B382-0763ECF734B1}.Release|Any CPU.ActiveCfg = Release|Any CPU
		{4BD34E6F-B14A-403E-B382-0763ECF734B1}.Release|Any CPU.Build.0 = Release|Any CPU
		{6E04F03D-9217-4557-9D5F-5EE2E347FEB8}.Debug|Any CPU.ActiveCfg = Debug|Any CPU
		{6E04F03D-9217-4557-9D5F-5EE2E347FEB8}.Debug|Any CPU.Build.0 = Debug|Any CPU
		{6E04F03D-9217-4557-9D5F-5EE2E347FEB8}.Release|Any CPU.ActiveCfg = Release|Any CPU
		{6E04F03D-9217-4557-9D5F-5EE2E347FEB8}.Release|Any CPU.Build.0 = Release|Any CPU
		{C1CCEA4E-B8CA-4E3B-9AB5-2277F5FBF479}.Debug|Any CPU.ActiveCfg = Debug|Any CPU
		{C1CCEA4E-B8CA-4E3B-9AB5-2277F5FBF479}.Debug|Any CPU.Build.0 = Debug|Any CPU
		{C1CCEA4E-B8CA-4E3B-9AB5-2277F5FBF479}.Release|Any CPU.ActiveCfg = Release|Any CPU
		{C1CCEA4E-B8CA-4E3B-9AB5-2277F5FBF479}.Release|Any CPU.Build.0 = Release|Any CPU
		{3997189D-E8C3-473D-A1E8-0F49EAF51C34}.Debug|Any CPU.ActiveCfg = Debug|Any CPU
		{3997189D-E8C3-473D-A1E8-0F49EAF51C34}.Debug|Any CPU.Build.0 = Debug|Any CPU
		{3997189D-E8C3-473D-A1E8-0F49EAF51C34}.Release|Any CPU.ActiveCfg = Release|Any CPU
		{3997189D-E8C3-473D-A1E8-0F49EAF51C34}.Release|Any CPU.Build.0 = Release|Any CPU
		{C9032283-9416-466F-8A13-C8382FE32DDC}.Debug|Any CPU.ActiveCfg = Debug|Any CPU
		{C9032283-9416-466F-8A13-C8382FE32DDC}.Debug|Any CPU.Build.0 = Debug|Any CPU
		{C9032283-9416-466F-8A13-C8382FE32DDC}.Release|Any CPU.ActiveCfg = Release|Any CPU
		{C9032283-9416-466F-8A13-C8382FE32DDC}.Release|Any CPU.Build.0 = Release|Any CPU
		{EBBC7CF3-9BE7-4C36-A1CF-BAF34914FC52}.Debug|Any CPU.ActiveCfg = Debug|Any CPU
		{EBBC7CF3-9BE7-4C36-A1CF-BAF34914FC52}.Debug|Any CPU.Build.0 = Debug|Any CPU
		{EBBC7CF3-9BE7-4C36-A1CF-BAF34914FC52}.Release|Any CPU.ActiveCfg = Release|Any CPU
		{EBBC7CF3-9BE7-4C36-A1CF-BAF34914FC52}.Release|Any CPU.Build.0 = Release|Any CPU
		{5C66AD82-5327-428D-A4C5-93179FF92596}.Debug|Any CPU.ActiveCfg = Debug|Any CPU
		{5C66AD82-5327-428D-A4C5-93179FF92596}.Debug|Any CPU.Build.0 = Debug|Any CPU
		{5C66AD82-5327-428D-A4C5-93179FF92596}.Release|Any CPU.ActiveCfg = Release|Any CPU
		{5C66AD82-5327-428D-A4C5-93179FF92596}.Release|Any CPU.Build.0 = Release|Any CPU
		{789FE8A2-15E9-4CC7-934F-FC925D70BEDC}.Debug|Any CPU.ActiveCfg = Debug|Any CPU
		{789FE8A2-15E9-4CC7-934F-FC925D70BEDC}.Debug|Any CPU.Build.0 = Debug|Any CPU
		{789FE8A2-15E9-4CC7-934F-FC925D70BEDC}.Release|Any CPU.ActiveCfg = Release|Any CPU
		{789FE8A2-15E9-4CC7-934F-FC925D70BEDC}.Release|Any CPU.Build.0 = Release|Any CPU
		{B1A1DB51-513F-42BD-ACD8-FAA7BA8F2E22}.Debug|Any CPU.ActiveCfg = Debug|Any CPU
		{B1A1DB51-513F-42BD-ACD8-FAA7BA8F2E22}.Debug|Any CPU.Build.0 = Debug|Any CPU
		{B1A1DB51-513F-42BD-ACD8-FAA7BA8F2E22}.Release|Any CPU.ActiveCfg = Release|Any CPU
		{B1A1DB51-513F-42BD-ACD8-FAA7BA8F2E22}.Release|Any CPU.Build.0 = Release|Any CPU
		{8F22DC6A-A1CC-44BA-B30A-3CD772F2A9DD}.Debug|Any CPU.ActiveCfg = Debug|Any CPU
		{8F22DC6A-A1CC-44BA-B30A-3CD772F2A9DD}.Debug|Any CPU.Build.0 = Debug|Any CPU
		{8F22DC6A-A1CC-44BA-B30A-3CD772F2A9DD}.Release|Any CPU.ActiveCfg = Release|Any CPU
		{8F22DC6A-A1CC-44BA-B30A-3CD772F2A9DD}.Release|Any CPU.Build.0 = Release|Any CPU
		{C64CD93B-A57D-4987-B59B-F071DECFAA25}.Debug|Any CPU.ActiveCfg = Debug|Any CPU
		{C64CD93B-A57D-4987-B59B-F071DECFAA25}.Debug|Any CPU.Build.0 = Debug|Any CPU
		{C64CD93B-A57D-4987-B59B-F071DECFAA25}.Release|Any CPU.ActiveCfg = Release|Any CPU
		{C64CD93B-A57D-4987-B59B-F071DECFAA25}.Release|Any CPU.Build.0 = Release|Any CPU
		{7BD457A6-8E34-4FFB-81D8-5AB36ADCF064}.Debug|Any CPU.ActiveCfg = Debug|Any CPU
		{7BD457A6-8E34-4FFB-81D8-5AB36ADCF064}.Debug|Any CPU.Build.0 = Debug|Any CPU
		{7BD457A6-8E34-4FFB-81D8-5AB36ADCF064}.Release|Any CPU.ActiveCfg = Release|Any CPU
		{7BD457A6-8E34-4FFB-81D8-5AB36ADCF064}.Release|Any CPU.Build.0 = Release|Any CPU
		{F2670252-0F7C-4815-8945-B50C33AA106D}.Debug|Any CPU.ActiveCfg = Debug|Any CPU
		{F2670252-0F7C-4815-8945-B50C33AA106D}.Debug|Any CPU.Build.0 = Debug|Any CPU
		{F2670252-0F7C-4815-8945-B50C33AA106D}.Release|Any CPU.ActiveCfg = Release|Any CPU
		{F2670252-0F7C-4815-8945-B50C33AA106D}.Release|Any CPU.Build.0 = Release|Any CPU
	EndGlobalSection
	GlobalSection(SolutionProperties) = preSolution
		HideSolutionNode = FALSE
	EndGlobalSection
EndGlobal
