
Microsoft Visual Studio Solution File, Format Version 12.00
# Visual Studio 14
VisualStudioVersion = 14.0.25420.1
MinimumVisualStudioVersion = 10.0.40219.1
Project("{FAE04EC0-301F-11D3-BF4B-00C04F79EFBC}") = "1.BasicSyntaxEx01DebitCardNumber", "BasicSyntaxEx01DebitCardNumber\1.BasicSyntaxEx01DebitCardNumber.csproj", "{1D83F721-19FA-498B-A207-C7F8E59CBEDE}"
EndProject
Project("{FAE04EC0-301F-11D3-BF4B-00C04F79EFBC}") = "1.BasicSyntaxEx02RectangeArea", "BasicSyntaxEx02RectangeArea\1.BasicSyntaxEx02RectangeArea.csproj", "{7CCD6DCD-4308-4517-83C4-2FAEDE4FE65F}"
EndProject
Project("{FAE04EC0-301F-11D3-BF4B-00C04F79EFBC}") = "1.BasicSyntaxEx03MilesToKm", "1.BasicSyntaxEx03MilesToKm\1.BasicSyntaxEx03MilesToKm.csproj", "{A44A1945-3ABA-431B-874D-0A7352614FBE}"
EndProject
Project("{FAE04EC0-301F-11D3-BF4B-00C04F79EFBC}") = "1.BasicSyntaxEx04BevarageLabels", "1.BasicSyntaxEx04BevarageLabels\1.BasicSyntaxEx04BevarageLabels.csproj", "{E066F953-F1D8-489B-A5D6-CA88DB7206CB}"
EndProject
Global
	GlobalSection(SolutionConfigurationPlatforms) = preSolution
		Debug|Any CPU = Debug|Any CPU
		Release|Any CPU = Release|Any CPU
	EndGlobalSection
	GlobalSection(ProjectConfigurationPlatforms) = postSolution
		{1D83F721-19FA-498B-A207-C7F8E59CBEDE}.Debug|Any CPU.ActiveCfg = Debug|Any CPU
		{1D83F721-19FA-498B-A207-C7F8E59CBEDE}.Debug|Any CPU.Build.0 = Debug|Any CPU
		{1D83F721-19FA-498B-A207-C7F8E59CBEDE}.Release|Any CPU.ActiveCfg = Release|Any CPU
		{1D83F721-19FA-498B-A207-C7F8E59CBEDE}.Release|Any CPU.Build.0 = Release|Any CPU
		{7CCD6DCD-4308-4517-83C4-2FAEDE4FE65F}.Debug|Any CPU.ActiveCfg = Debug|Any CPU
		{7CCD6DCD-4308-4517-83C4-2FAEDE4FE65F}.Debug|Any CPU.Build.0 = Debug|Any CPU
		{7CCD6DCD-4308-4517-83C4-2FAEDE4FE65F}.Release|Any CPU.ActiveCfg = Release|Any CPU
		{7CCD6DCD-4308-4517-83C4-2FAEDE4FE65F}.Release|Any CPU.Build.0 = Release|Any CPU
		{A44A1945-3ABA-431B-874D-0A7352614FBE}.Debug|Any CPU.ActiveCfg = Debug|Any CPU
		{A44A1945-3ABA-431B-874D-0A7352614FBE}.Debug|Any CPU.Build.0 = Debug|Any CPU
		{A44A1945-3ABA-431B-874D-0A7352614FBE}.Release|Any CPU.ActiveCfg = Release|Any CPU
		{A44A1945-3ABA-431B-874D-0A7352614FBE}.Release|Any CPU.Build.0 = Release|Any CPU
		{E066F953-F1D8-489B-A5D6-CA88DB7206CB}.Debug|Any CPU.ActiveCfg = Debug|Any CPU
		{E066F953-F1D8-489B-A5D6-CA88DB7206CB}.Debug|Any CPU.Build.0 = Debug|Any CPU
		{E066F953-F1D8-489B-A5D6-CA88DB7206CB}.Release|Any CPU.ActiveCfg = Release|Any CPU
		{E066F953-F1D8-489B-A5D6-CA88DB7206CB}.Release|Any CPU.Build.0 = Release|Any CPU
	EndGlobalSection
	GlobalSection(SolutionProperties) = preSolution
		HideSolutionNode = FALSE
	EndGlobalSection
EndGlobal
